// !$*UTF8*$!
{
	archiveVersion = 1;
	classes = {
	};
	objectVersion = 56;
	objects = {

/* Begin PBXBuildFile section */
		DA2C512829BF47DE008D0FC3 /* ScrumdingerApp.swift in Sources */ = {isa = PBXBuildFile; fileRef = DA2C512729BF47DE008D0FC3 /* ScrumdingerApp.swift */; };
		DA2C512A29BF47DE008D0FC3 /* MeetingView.swift in Sources */ = {isa = PBXBuildFile; fileRef = DA2C512929BF47DE008D0FC3 /* MeetingView.swift */; };
		DA2C512C29BF47DF008D0FC3 /* Assets.xcassets in Resources */ = {isa = PBXBuildFile; fileRef = DA2C512B29BF47DF008D0FC3 /* Assets.xcassets */; };
		DA2C512F29BF47DF008D0FC3 /* Preview Assets.xcassets in Resources */ = {isa = PBXBuildFile; fileRef = DA2C512E29BF47DF008D0FC3 /* Preview Assets.xcassets */; };
		DA2C513929BF47DF008D0FC3 /* ScrumdingerTests.swift in Sources */ = {isa = PBXBuildFile; fileRef = DA2C513829BF47DF008D0FC3 /* ScrumdingerTests.swift */; };
		DA2C514329BF47DF008D0FC3 /* ScrumdingerUITests.swift in Sources */ = {isa = PBXBuildFile; fileRef = DA2C514229BF47DF008D0FC3 /* ScrumdingerUITests.swift */; };
		DA2C514529BF47DF008D0FC3 /* ScrumdingerUITestsLaunchTests.swift in Sources */ = {isa = PBXBuildFile; fileRef = DA2C514429BF47DF008D0FC3 /* ScrumdingerUITestsLaunchTests.swift */; };
		DA2C515329BF5F35008D0FC3 /* Theme.swift in Sources */ = {isa = PBXBuildFile; fileRef = DA2C515229BF5F35008D0FC3 /* Theme.swift */; };
		DA2C515529BF63D2008D0FC3 /* DailyScrum.swift in Sources */ = {isa = PBXBuildFile; fileRef = DA2C515429BF63D2008D0FC3 /* DailyScrum.swift */; };
		DA2C515729BF6602008D0FC3 /* CardView.swift in Sources */ = {isa = PBXBuildFile; fileRef = DA2C515629BF6602008D0FC3 /* CardView.swift */; };
		DA2C515929BF6B3A008D0FC3 /* TrailingIconLabelStyle.swift in Sources */ = {isa = PBXBuildFile; fileRef = DA2C515829BF6B3A008D0FC3 /* TrailingIconLabelStyle.swift */; };
/* End PBXBuildFile section */

/* Begin PBXContainerItemProxy section */
		DA2C513529BF47DF008D0FC3 /* PBXContainerItemProxy */ = {
			isa = PBXContainerItemProxy;
			containerPortal = DA2C511C29BF47DE008D0FC3 /* Project object */;
			proxyType = 1;
			remoteGlobalIDString = DA2C512329BF47DE008D0FC3;
			remoteInfo = Scrumdinger;
		};
		DA2C513F29BF47DF008D0FC3 /* PBXContainerItemProxy */ = {
			isa = PBXContainerItemProxy;
			containerPortal = DA2C511C29BF47DE008D0FC3 /* Project object */;
			proxyType = 1;
			remoteGlobalIDString = DA2C512329BF47DE008D0FC3;
			remoteInfo = Scrumdinger;
		};
/* End PBXContainerItemProxy section */

/* Begin PBXFileReference section */
		DA2C512429BF47DE008D0FC3 /* Scrumdinger.app */ = {isa = PBXFileReference; explicitFileType = wrapper.application; includeInIndex = 0; path = Scrumdinger.app; sourceTree = BUILT_PRODUCTS_DIR; };
		DA2C512729BF47DE008D0FC3 /* ScrumdingerApp.swift */ = {isa = PBXFileReference; lastKnownFileType = sourcecode.swift; path = ScrumdingerApp.swift; sourceTree = "<group>"; };
		DA2C512929BF47DE008D0FC3 /* MeetingView.swift */ = {isa = PBXFileReference; lastKnownFileType = sourcecode.swift; path = MeetingView.swift; sourceTree = "<group>"; };
		DA2C512B29BF47DF008D0FC3 /* Assets.xcassets */ = {isa = PBXFileReference; lastKnownFileType = folder.assetcatalog; path = Assets.xcassets; sourceTree = "<group>"; };
		DA2C512E29BF47DF008D0FC3 /* Preview Assets.xcassets */ = {isa = PBXFileReference; lastKnownFileType = folder.assetcatalog; path = "Preview Assets.xcassets"; sourceTree = "<group>"; };
		DA2C513429BF47DF008D0FC3 /* ScrumdingerTests.xctest */ = {isa = PBXFileReference; explicitFileType = wrapper.cfbundle; includeInIndex = 0; path = ScrumdingerTests.xctest; sourceTree = BUILT_PRODUCTS_DIR; };
		DA2C513829BF47DF008D0FC3 /* ScrumdingerTests.swift */ = {isa = PBXFileReference; lastKnownFileType = sourcecode.swift; path = ScrumdingerTests.swift; sourceTree = "<group>"; };
		DA2C513E29BF47DF008D0FC3 /* ScrumdingerUITests.xctest */ = {isa = PBXFileReference; explicitFileType = wrapper.cfbundle; includeInIndex = 0; path = ScrumdingerUITests.xctest; sourceTree = BUILT_PRODUCTS_DIR; };
		DA2C514229BF47DF008D0FC3 /* ScrumdingerUITests.swift */ = {isa = PBXFileReference; lastKnownFileType = sourcecode.swift; path = ScrumdingerUITests.swift; sourceTree = "<group>"; };
		DA2C514429BF47DF008D0FC3 /* ScrumdingerUITestsLaunchTests.swift */ = {isa = PBXFileReference; lastKnownFileType = sourcecode.swift; path = ScrumdingerUITestsLaunchTests.swift; sourceTree = "<group>"; };
		DA2C515229BF5F35008D0FC3 /* Theme.swift */ = {isa = PBXFileReference; lastKnownFileType = sourcecode.swift; path = Theme.swift; sourceTree = "<group>"; };
		DA2C515429BF63D2008D0FC3 /* DailyScrum.swift */ = {isa = PBXFileReference; lastKnownFileType = sourcecode.swift; path = DailyScrum.swift; sourceTree = "<group>"; };
		DA2C515629BF6602008D0FC3 /* CardView.swift */ = {isa = PBXFileReference; lastKnownFileType = sourcecode.swift; path = CardView.swift; sourceTree = "<group>"; };
		DA2C515829BF6B3A008D0FC3 /* TrailingIconLabelStyle.swift */ = {isa = PBXFileReference; lastKnownFileType = sourcecode.swift; path = TrailingIconLabelStyle.swift; sourceTree = "<group>"; };
/* End PBXFileReference section */

/* Begin PBXFrameworksBuildPhase section */
		DA2C512129BF47DE008D0FC3 /* Frameworks */ = {
			isa = PBXFrameworksBuildPhase;
			buildActionMask = 2147483647;
			files = (
			);
			runOnlyForDeploymentPostprocessing = 0;
		};
		DA2C513129BF47DF008D0FC3 /* Frameworks */ = {
			isa = PBXFrameworksBuildPhase;
			buildActionMask = 2147483647;
			files = (
			);
			runOnlyForDeploymentPostprocessing = 0;
		};
		DA2C513B29BF47DF008D0FC3 /* Frameworks */ = {
			isa = PBXFrameworksBuildPhase;
			buildActionMask = 2147483647;
			files = (
			);
			runOnlyForDeploymentPostprocessing = 0;
		};
/* End PBXFrameworksBuildPhase section */

/* Begin PBXGroup section */
		DA2C511B29BF47DE008D0FC3 = {
			isa = PBXGroup;
			children = (
				DA2C512629BF47DE008D0FC3 /* Scrumdinger */,
				DA2C513729BF47DF008D0FC3 /* ScrumdingerTests */,
				DA2C514129BF47DF008D0FC3 /* ScrumdingerUITests */,
				DA2C512529BF47DE008D0FC3 /* Products */,
			);
			sourceTree = "<group>";
		};
		DA2C512529BF47DE008D0FC3 /* Products */ = {
			isa = PBXGroup;
			children = (
				DA2C512429BF47DE008D0FC3 /* Scrumdinger.app */,
				DA2C513429BF47DF008D0FC3 /* ScrumdingerTests.xctest */,
				DA2C513E29BF47DF008D0FC3 /* ScrumdingerUITests.xctest */,
			);
			name = Products;
			sourceTree = "<group>";
		};
		DA2C512629BF47DE008D0FC3 /* Scrumdinger */ = {
			isa = PBXGroup;
			children = (
				DA2C515129BF5F01008D0FC3 /* Models */,
				DA2C512729BF47DE008D0FC3 /* ScrumdingerApp.swift */,
				DA2C512929BF47DE008D0FC3 /* MeetingView.swift */,
				DA2C515629BF6602008D0FC3 /* CardView.swift */,
				DA2C515829BF6B3A008D0FC3 /* TrailingIconLabelStyle.swift */,
				DA2C512B29BF47DF008D0FC3 /* Assets.xcassets */,
				DA2C512D29BF47DF008D0FC3 /* Preview Content */,
			);
			path = Scrumdinger;
			sourceTree = "<group>";
		};
		DA2C512D29BF47DF008D0FC3 /* Preview Content */ = {
			isa = PBXGroup;
			children = (
				DA2C512E29BF47DF008D0FC3 /* Preview Assets.xcassets */,
			);
			path = "Preview Content";
			sourceTree = "<group>";
		};
		DA2C513729BF47DF008D0FC3 /* ScrumdingerTests */ = {
			isa = PBXGroup;
			children = (
				DA2C513829BF47DF008D0FC3 /* ScrumdingerTests.swift */,
			);
			path = ScrumdingerTests;
			sourceTree = "<group>";
		};
		DA2C514129BF47DF008D0FC3 /* ScrumdingerUITests */ = {
			isa = PBXGroup;
			children = (
				DA2C514229BF47DF008D0FC3 /* ScrumdingerUITests.swift */,
				DA2C514429BF47DF008D0FC3 /* ScrumdingerUITestsLaunchTests.swift */,
			);
			path = ScrumdingerUITests;
			sourceTree = "<group>";
		};
		DA2C515129BF5F01008D0FC3 /* Models */ = {
			isa = PBXGroup;
			children = (
				DA2C515229BF5F35008D0FC3 /* Theme.swift */,
				DA2C515429BF63D2008D0FC3 /* DailyScrum.swift */,
			);
			path = Models;
			sourceTree = "<group>";
		};
/* End PBXGroup section */

/* Begin PBXNativeTarget section */
		DA2C512329BF47DE008D0FC3 /* Scrumdinger */ = {
			isa = PBXNativeTarget;
			buildConfigurationList = DA2C514829BF47DF008D0FC3 /* Build configuration list for PBXNativeTarget "Scrumdinger" */;
			buildPhases = (
				DA2C512029BF47DE008D0FC3 /* Sources */,
				DA2C512129BF47DE008D0FC3 /* Frameworks */,
				DA2C512229BF47DE008D0FC3 /* Resources */,
			);
			buildRules = (
			);
			dependencies = (
			);
			name = Scrumdinger;
			productName = Scrumdinger;
			productReference = DA2C512429BF47DE008D0FC3 /* Scrumdinger.app */;
			productType = "com.apple.product-type.application";
		};
		DA2C513329BF47DF008D0FC3 /* ScrumdingerTests */ = {
			isa = PBXNativeTarget;
			buildConfigurationList = DA2C514B29BF47DF008D0FC3 /* Build configuration list for PBXNativeTarget "ScrumdingerTests" */;
			buildPhases = (
				DA2C513029BF47DF008D0FC3 /* Sources */,
				DA2C513129BF47DF008D0FC3 /* Frameworks */,
				DA2C513229BF47DF008D0FC3 /* Resources */,
			);
			buildRules = (
			);
			dependencies = (
				DA2C513629BF47DF008D0FC3 /* PBXTargetDependency */,
			);
			name = ScrumdingerTests;
			productName = ScrumdingerTests;
			productReference = DA2C513429BF47DF008D0FC3 /* ScrumdingerTests.xctest */;
			productType = "com.apple.product-type.bundle.unit-test";
		};
		DA2C513D29BF47DF008D0FC3 /* ScrumdingerUITests */ = {
			isa = PBXNativeTarget;
			buildConfigurationList = DA2C514E29BF47DF008D0FC3 /* Build configuration list for PBXNativeTarget "ScrumdingerUITests" */;
			buildPhases = (
				DA2C513A29BF47DF008D0FC3 /* Sources */,
				DA2C513B29BF47DF008D0FC3 /* Frameworks */,
				DA2C513C29BF47DF008D0FC3 /* Resources */,
			);
			buildRules = (
			);
			dependencies = (
				DA2C514029BF47DF008D0FC3 /* PBXTargetDependency */,
			);
			name = ScrumdingerUITests;
			productName = ScrumdingerUITests;
			productReference = DA2C513E29BF47DF008D0FC3 /* ScrumdingerUITests.xctest */;
			productType = "com.apple.product-type.bundle.ui-testing";
		};
/* End PBXNativeTarget section */

/* Begin PBXProject section */
		DA2C511C29BF47DE008D0FC3 /* Project object */ = {
			isa = PBXProject;
			attributes = {
				BuildIndependentTargetsInParallel = 1;
				LastSwiftUpdateCheck = 1420;
				LastUpgradeCheck = 1420;
				TargetAttributes = {
					DA2C512329BF47DE008D0FC3 = {
						CreatedOnToolsVersion = 14.2;
					};
					DA2C513329BF47DF008D0FC3 = {
						CreatedOnToolsVersion = 14.2;
						TestTargetID = DA2C512329BF47DE008D0FC3;
					};
					DA2C513D29BF47DF008D0FC3 = {
						CreatedOnToolsVersion = 14.2;
						TestTargetID = DA2C512329BF47DE008D0FC3;
					};
				};
			};
			buildConfigurationList = DA2C511F29BF47DE008D0FC3 /* Build configuration list for PBXProject "Scrumdinger" */;
			compatibilityVersion = "Xcode 14.0";
			developmentRegion = en;
			hasScannedForEncodings = 0;
			knownRegions = (
				en,
				Base,
			);
			mainGroup = DA2C511B29BF47DE008D0FC3;
			productRefGroup = DA2C512529BF47DE008D0FC3 /* Products */;
			projectDirPath = "";
			projectRoot = "";
			targets = (
				DA2C512329BF47DE008D0FC3 /* Scrumdinger */,
				DA2C513329BF47DF008D0FC3 /* ScrumdingerTests */,
				DA2C513D29BF47DF008D0FC3 /* ScrumdingerUITests */,
			);
		};
/* End PBXProject section */

/* Begin PBXResourcesBuildPhase section */
		DA2C512229BF47DE008D0FC3 /* Resources */ = {
			isa = PBXResourcesBuildPhase;
			buildActionMask = 2147483647;
			files = (
				DA2C512F29BF47DF008D0FC3 /* Preview Assets.xcassets in Resources */,
				DA2C512C29BF47DF008D0FC3 /* Assets.xcassets in Resources */,
			);
			runOnlyForDeploymentPostprocessing = 0;
		};
		DA2C513229BF47DF008D0FC3 /* Resources */ = {
			isa = PBXResourcesBuildPhase;
			buildActionMask = 2147483647;
			files = (
			);
			runOnlyForDeploymentPostprocessing = 0;
		};
		DA2C513C29BF47DF008D0FC3 /* Resources */ = {
			isa = PBXResourcesBuildPhase;
			buildActionMask = 2147483647;
			files = (
			);
			runOnlyForDeploymentPostprocessing = 0;
		};
/* End PBXResourcesBuildPhase section */

/* Begin PBXSourcesBuildPhase section */
		DA2C512029BF47DE008D0FC3 /* Sources */ = {
			isa = PBXSourcesBuildPhase;
			buildActionMask = 2147483647;
			files = (
				DA2C515529BF63D2008D0FC3 /* DailyScrum.swift in Sources */,
				DA2C515929BF6B3A008D0FC3 /* TrailingIconLabelStyle.swift in Sources */,
				DA2C512A29BF47DE008D0FC3 /* MeetingView.swift in Sources */,
				DA2C512829BF47DE008D0FC3 /* ScrumdingerApp.swift in Sources */,
				DA2C515329BF5F35008D0FC3 /* Theme.swift in Sources */,
				DA2C515729BF6602008D0FC3 /* CardView.swift in Sources */,
			);
			runOnlyForDeploymentPostprocessing = 0;
		};
		DA2C513029BF47DF008D0FC3 /* Sources */ = {
			isa = PBXSourcesBuildPhase;
			buildActionMask = 2147483647;
			files = (
				DA2C513929BF47DF008D0FC3 /* ScrumdingerTests.swift in Sources */,
			);
			runOnlyForDeploymentPostprocessing = 0;
		};
		DA2C513A29BF47DF008D0FC3 /* Sources */ = {
			isa = PBXSourcesBuildPhase;
			buildActionMask = 2147483647;
			files = (
				DA2C514529BF47DF008D0FC3 /* ScrumdingerUITestsLaunchTests.swift in Sources */,
				DA2C514329BF47DF008D0FC3 /* ScrumdingerUITests.swift in Sources */,
			);
			runOnlyForDeploymentPostprocessing = 0;
		};
/* End PBXSourcesBuildPhase section */

/* Begin PBXTargetDependency section */
		DA2C513629BF47DF008D0FC3 /* PBXTargetDependency */ = {
			isa = PBXTargetDependency;
			target = DA2C512329BF47DE008D0FC3 /* Scrumdinger */;
			targetProxy = DA2C513529BF47DF008D0FC3 /* PBXContainerItemProxy */;
		};
		DA2C514029BF47DF008D0FC3 /* PBXTargetDependency */ = {
			isa = PBXTargetDependency;
			target = DA2C512329BF47DE008D0FC3 /* Scrumdinger */;
			targetProxy = DA2C513F29BF47DF008D0FC3 /* PBXContainerItemProxy */;
		};
/* End PBXTargetDependency section */

/* Begin XCBuildConfiguration section */
		DA2C514629BF47DF008D0FC3 /* Debug */ = {
			isa = XCBuildConfiguration;
			buildSettings = {
				ALWAYS_SEARCH_USER_PATHS = NO;
				CLANG_ANALYZER_NONNULL = YES;
				CLANG_ANALYZER_NUMBER_OBJECT_CONVERSION = YES_AGGRESSIVE;
				CLANG_CXX_LANGUAGE_STANDARD = "gnu++20";
				CLANG_ENABLE_MODULES = YES;
				CLANG_ENABLE_OBJC_ARC = YES;
				CLANG_ENABLE_OBJC_WEAK = YES;
				CLANG_WARN_BLOCK_CAPTURE_AUTORELEASING = YES;
				CLANG_WARN_BOOL_CONVERSION = YES;
				CLANG_WARN_COMMA = YES;
				CLANG_WARN_CONSTANT_CONVERSION = YES;
				CLANG_WARN_DEPRECATED_OBJC_IMPLEMENTATIONS = YES;
				CLANG_WARN_DIRECT_OBJC_ISA_USAGE = YES_ERROR;
				CLANG_WARN_DOCUMENTATION_COMMENTS = YES;
				CLANG_WARN_EMPTY_BODY = YES;
				CLANG_WARN_ENUM_CONVERSION = YES;
				CLANG_WARN_INFINITE_RECURSION = YES;
				CLANG_WARN_INT_CONVERSION = YES;
				CLANG_WARN_NON_LITERAL_NULL_CONVERSION = YES;
				CLANG_WARN_OBJC_IMPLICIT_RETAIN_SELF = YES;
				CLANG_WARN_OBJC_LITERAL_CONVERSION = YES;
				CLANG_WARN_OBJC_ROOT_CLASS = YES_ERROR;
				CLANG_WARN_QUOTED_INCLUDE_IN_FRAMEWORK_HEADER = YES;
				CLANG_WARN_RANGE_LOOP_ANALYSIS = YES;
				CLANG_WARN_STRICT_PROTOTYPES = YES;
				CLANG_WARN_SUSPICIOUS_MOVE = YES;
				CLANG_WARN_UNGUARDED_AVAILABILITY = YES_AGGRESSIVE;
				CLANG_WARN_UNREACHABLE_CODE = YES;
				CLANG_WARN__DUPLICATE_METHOD_MATCH = YES;
				COPY_PHASE_STRIP = NO;
				DEBUG_INFORMATION_FORMAT = dwarf;
				ENABLE_STRICT_OBJC_MSGSEND = YES;
				ENABLE_TESTABILITY = YES;
				GCC_C_LANGUAGE_STANDARD = gnu11;
				GCC_DYNAMIC_NO_PIC = NO;
				GCC_NO_COMMON_BLOCKS = YES;
				GCC_OPTIMIZATION_LEVEL = 0;
				GCC_PREPROCESSOR_DEFINITIONS = (
					"DEBUG=1",
					"$(inherited)",
				);
				GCC_WARN_64_TO_32_BIT_CONVERSION = YES;
				GCC_WARN_ABOUT_RETURN_TYPE = YES_ERROR;
				GCC_WARN_UNDECLARED_SELECTOR = YES;
				GCC_WARN_UNINITIALIZED_AUTOS = YES_AGGRESSIVE;
				GCC_WARN_UNUSED_FUNCTION = YES;
				GCC_WARN_UNUSED_VARIABLE = YES;
				IPHONEOS_DEPLOYMENT_TARGET = 16.2;
				MTL_ENABLE_DEBUG_INFO = INCLUDE_SOURCE;
				MTL_FAST_MATH = YES;
				ONLY_ACTIVE_ARCH = YES;
				SDKROOT = iphoneos;
				SWIFT_ACTIVE_COMPILATION_CONDITIONS = DEBUG;
				SWIFT_OPTIMIZATION_LEVEL = "-Onone";
			};
			name = Debug;
		};
		DA2C514729BF47DF008D0FC3 /* Release */ = {
			isa = XCBuildConfiguration;
			buildSettings = {
				ALWAYS_SEARCH_USER_PATHS = NO;
				CLANG_ANALYZER_NONNULL = YES;
				CLANG_ANALYZER_NUMBER_OBJECT_CONVERSION = YES_AGGRESSIVE;
				CLANG_CXX_LANGUAGE_STANDARD = "gnu++20";
				CLANG_ENABLE_MODULES = YES;
				CLANG_ENABLE_OBJC_ARC = YES;
				CLANG_ENABLE_OBJC_WEAK = YES;
				CLANG_WARN_BLOCK_CAPTURE_AUTORELEASING = YES;
				CLANG_WARN_BOOL_CONVERSION = YES;
				CLANG_WARN_COMMA = YES;
				CLANG_WARN_CONSTANT_CONVERSION = YES;
				CLANG_WARN_DEPRECATED_OBJC_IMPLEMENTATIONS = YES;
				CLANG_WARN_DIRECT_OBJC_ISA_USAGE = YES_ERROR;
				CLANG_WARN_DOCUMENTATION_COMMENTS = YES;
				CLANG_WARN_EMPTY_BODY = YES;
				CLANG_WARN_ENUM_CONVERSION = YES;
				CLANG_WARN_INFINITE_RECURSION = YES;
				CLANG_WARN_INT_CONVERSION = YES;
				CLANG_WARN_NON_LITERAL_NULL_CONVERSION = YES;
				CLANG_WARN_OBJC_IMPLICIT_RETAIN_SELF = YES;
				CLANG_WARN_OBJC_LITERAL_CONVERSION = YES;
				CLANG_WARN_OBJC_ROOT_CLASS = YES_ERROR;
				CLANG_WARN_QUOTED_INCLUDE_IN_FRAMEWORK_HEADER = YES;
				CLANG_WARN_RANGE_LOOP_ANALYSIS = YES;
				CLANG_WARN_STRICT_PROTOTYPES = YES;
				CLANG_WARN_SUSPICIOUS_MOVE = YES;
				CLANG_WARN_UNGUARDED_AVAILABILITY = YES_AGGRESSIVE;
				CLANG_WARN_UNREACHABLE_CODE = YES;
				CLANG_WARN__DUPLICATE_METHOD_MATCH = YES;
				COPY_PHASE_STRIP = NO;
				DEBUG_INFORMATION_FORMAT = "dwarf-with-dsym";
				ENABLE_NS_ASSERTIONS = NO;
				ENABLE_STRICT_OBJC_MSGSEND = YES;
				GCC_C_LANGUAGE_STANDARD = gnu11;
				GCC_NO_COMMON_BLOCKS = YES;
				GCC_WARN_64_TO_32_BIT_CONVERSION = YES;
				GCC_WARN_ABOUT_RETURN_TYPE = YES_ERROR;
				GCC_WARN_UNDECLARED_SELECTOR = YES;
				GCC_WARN_UNINITIALIZED_AUTOS = YES_AGGRESSIVE;
				GCC_WARN_UNUSED_FUNCTION = YES;
				GCC_WARN_UNUSED_VARIABLE = YES;
				IPHONEOS_DEPLOYMENT_TARGET = 16.2;
				MTL_ENABLE_DEBUG_INFO = NO;
				MTL_FAST_MATH = YES;
				SDKROOT = iphoneos;
				SWIFT_COMPILATION_MODE = wholemodule;
				SWIFT_OPTIMIZATION_LEVEL = "-O";
				VALIDATE_PRODUCT = YES;
			};
			name = Release;
		};
		DA2C514929BF47DF008D0FC3 /* Debug */ = {
			isa = XCBuildConfiguration;
			buildSettings = {
				ASSETCATALOG_COMPILER_APPICON_NAME = AppIcon;
				ASSETCATALOG_COMPILER_GLOBAL_ACCENT_COLOR_NAME = AccentColor;
				CODE_SIGN_STYLE = Automatic;
				CURRENT_PROJECT_VERSION = 1;
				DEVELOPMENT_ASSET_PATHS = "\"Scrumdinger/Preview Content\"";
				ENABLE_PREVIEWS = YES;
				GENERATE_INFOPLIST_FILE = YES;
				INFOPLIST_KEY_UIApplicationSceneManifest_Generation = YES;
				INFOPLIST_KEY_UIApplicationSupportsIndirectInputEvents = YES;
				INFOPLIST_KEY_UILaunchScreen_Generation = YES;
				INFOPLIST_KEY_UISupportedInterfaceOrientations_iPad = "UIInterfaceOrientationPortrait UIInterfaceOrientationPortraitUpsideDown UIInterfaceOrientationLandscapeLeft UIInterfaceOrientationLandscapeRight";
				INFOPLIST_KEY_UISupportedInterfaceOrientations_iPhone = "UIInterfaceOrientationPortrait UIInterfaceOrientationLandscapeLeft UIInterfaceOrientationLandscapeRight";
				LD_RUNPATH_SEARCH_PATHS = (
					"$(inherited)",
					"@executable_path/Frameworks",
				);
				MARKETING_VERSION = 1.0;
				PRODUCT_BUNDLE_IDENTIFIER = tutorial.Scrumdinger;
				PRODUCT_NAME = "$(TARGET_NAME)";
				SWIFT_EMIT_LOC_STRINGS = YES;
				SWIFT_VERSION = 5.0;
				TARGETED_DEVICE_FAMILY = "1,2";
			};
			name = Debug;
		};
		DA2C514A29BF47DF008D0FC3 /* Release */ = {
			isa = XCBuildConfiguration;
			buildSettings = {
				ASSETCATALOG_COMPILER_APPICON_NAME = AppIcon;
				ASSETCATALOG_COMPILER_GLOBAL_ACCENT_COLOR_NAME = AccentColor;
				CODE_SIGN_STYLE = Automatic;
				CURRENT_PROJECT_VERSION = 1;
				DEVELOPMENT_ASSET_PATHS = "\"Scrumdinger/Preview Content\"";
				ENABLE_PREVIEWS = YES;
				GENERATE_INFOPLIST_FILE = YES;
				INFOPLIST_KEY_UIApplicationSceneManifest_Generation = YES;
				INFOPLIST_KEY_UIApplicationSupportsIndirectInputEvents = YES;
				INFOPLIST_KEY_UILaunchScreen_Generation = YES;
				INFOPLIST_KEY_UISupportedInterfaceOrientations_iPad = "UIInterfaceOrientationPortrait UIInterfaceOrientationPortraitUpsideDown UIInterfaceOrientationLandscapeLeft UIInterfaceOrientationLandscapeRight";
				INFOPLIST_KEY_UISupportedInterfaceOrientations_iPhone = "UIInterfaceOrientationPortrait UIInterfaceOrientationLandscapeLeft UIInterfaceOrientationLandscapeRight";
				LD_RUNPATH_SEARCH_PATHS = (
					"$(inherited)",
					"@executable_path/Frameworks",
				);
				MARKETING_VERSION = 1.0;
				PRODUCT_BUNDLE_IDENTIFIER = tutorial.Scrumdinger;
				PRODUCT_NAME = "$(TARGET_NAME)";
				SWIFT_EMIT_LOC_STRINGS = YES;
				SWIFT_VERSION = 5.0;
				TARGETED_DEVICE_FAMILY = "1,2";
			};
			name = Release;
		};
		DA2C514C29BF47DF008D0FC3 /* Debug */ = {
			isa = XCBuildConfiguration;
			buildSettings = {
				ALWAYS_EMBED_SWIFT_STANDARD_LIBRARIES = YES;
				BUNDLE_LOADER = "$(TEST_HOST)";
				CODE_SIGN_STYLE = Automatic;
				CURRENT_PROJECT_VERSION = 1;
				GENERATE_INFOPLIST_FILE = YES;
				IPHONEOS_DEPLOYMENT_TARGET = 16.2;
				MARKETING_VERSION = 1.0;
				PRODUCT_BUNDLE_IDENTIFIER = tutorial.ScrumdingerTests;
				PRODUCT_NAME = "$(TARGET_NAME)";
				SWIFT_EMIT_LOC_STRINGS = NO;
				SWIFT_VERSION = 5.0;
				TARGETED_DEVICE_FAMILY = "1,2";
				TEST_HOST = "$(BUILT_PRODUCTS_DIR)/Scrumdinger.app/$(BUNDLE_EXECUTABLE_FOLDER_PATH)/Scrumdinger";
			};
			name = Debug;
		};
		DA2C514D29BF47DF008D0FC3 /* Release */ = {
			isa = XCBuildConfiguration;
			buildSettings = {
				ALWAYS_EMBED_SWIFT_STANDARD_LIBRARIES = YES;
				BUNDLE_LOADER = "$(TEST_HOST)";
				CODE_SIGN_STYLE = Automatic;
				CURRENT_PROJECT_VERSION = 1;
				GENERATE_INFOPLIST_FILE = YES;
				IPHONEOS_DEPLOYMENT_TARGET = 16.2;
				MARKETING_VERSION = 1.0;
				PRODUCT_BUNDLE_IDENTIFIER = tutorial.ScrumdingerTests;
				PRODUCT_NAME = "$(TARGET_NAME)";
				SWIFT_EMIT_LOC_STRINGS = NO;
				SWIFT_VERSION = 5.0;
				TARGETED_DEVICE_FAMILY = "1,2";
				TEST_HOST = "$(BUILT_PRODUCTS_DIR)/Scrumdinger.app/$(BUNDLE_EXECUTABLE_FOLDER_PATH)/Scrumdinger";
			};
			name = Release;
		};
		DA2C514F29BF47DF008D0FC3 /* Debug */ = {
			isa = XCBuildConfiguration;
			buildSettings = {
				ALWAYS_EMBED_SWIFT_STANDARD_LIBRARIES = YES;
				CODE_SIGN_STYLE = Automatic;
				CURRENT_PROJECT_VERSION = 1;
				GENERATE_INFOPLIST_FILE = YES;
				MARKETING_VERSION = 1.0;
				PRODUCT_BUNDLE_IDENTIFIER = tutorial.ScrumdingerUITests;
				PRODUCT_NAME = "$(TARGET_NAME)";
				SWIFT_EMIT_LOC_STRINGS = NO;
				SWIFT_VERSION = 5.0;
				TARGETED_DEVICE_FAMILY = "1,2";
				TEST_TARGET_NAME = Scrumdinger;
			};
			name = Debug;
		};
		DA2C515029BF47DF008D0FC3 /* Release */ = {
			isa = XCBuildConfiguration;
			buildSettings = {
				ALWAYS_EMBED_SWIFT_STANDARD_LIBRARIES = YES;
				CODE_SIGN_STYLE = Automatic;
				CURRENT_PROJECT_VERSION = 1;
				GENERATE_INFOPLIST_FILE = YES;
				MARKETING_VERSION = 1.0;
				PRODUCT_BUNDLE_IDENTIFIER = tutorial.ScrumdingerUITests;
				PRODUCT_NAME = "$(TARGET_NAME)";
				SWIFT_EMIT_LOC_STRINGS = NO;
				SWIFT_VERSION = 5.0;
				TARGETED_DEVICE_FAMILY = "1,2";
				TEST_TARGET_NAME = Scrumdinger;
			};
			name = Release;
		};
/* End XCBuildConfiguration section */

/* Begin XCConfigurationList section */
		DA2C511F29BF47DE008D0FC3 /* Build configuration list for PBXProject "Scrumdinger" */ = {
			isa = XCConfigurationList;
			buildConfigurations = (
				DA2C514629BF47DF008D0FC3 /* Debug */,
				DA2C514729BF47DF008D0FC3 /* Release */,
			);
			defaultConfigurationIsVisible = 0;
			defaultConfigurationName = Release;
		};
		DA2C514829BF47DF008D0FC3 /* Build configuration list for PBXNativeTarget "Scrumdinger" */ = {
			isa = XCConfigurationList;
			buildConfigurations = (
				DA2C514929BF47DF008D0FC3 /* Debug */,
				DA2C514A29BF47DF008D0FC3 /* Release */,
			);
			defaultConfigurationIsVisible = 0;
			defaultConfigurationName = Release;
		};
		DA2C514B29BF47DF008D0FC3 /* Build configuration list for PBXNativeTarget "ScrumdingerTests" */ = {
			isa = XCConfigurationList;
			buildConfigurations = (
				DA2C514C29BF47DF008D0FC3 /* Debug */,
				DA2C514D29BF47DF008D0FC3 /* Release */,
			);
			defaultConfigurationIsVisible = 0;
			defaultConfigurationName = Release;
		};
		DA2C514E29BF47DF008D0FC3 /* Build configuration list for PBXNativeTarget "ScrumdingerUITests" */ = {
			isa = XCConfigurationList;
			buildConfigurations = (
				DA2C514F29BF47DF008D0FC3 /* Debug */,
				DA2C515029BF47DF008D0FC3 /* Release */,
			);
			defaultConfigurationIsVisible = 0;
			defaultConfigurationName = Release;
		};
/* End XCConfigurationList section */
	};
	rootObject = DA2C511C29BF47DE008D0FC3 /* Project object */;
}
